
Microsoft Visual Studio Solution File, Format Version 12.00
# Visual Studio Version 17
VisualStudioVersion = 17.0.32112.339
MinimumVisualStudioVersion = 10.0.40219.1
Project("{FAE04EC0-301F-11D3-BF4B-00C04F79EFBC}") = "Lesson-9-Task", "Lesson-9-Task\Lesson-9-Task.csproj", "{EF2E3FE7-0D8E-4C08-9161-3A7C8C93089D}"
EndProject
Global
	GlobalSection(SolutionConfigurationPlatforms) = preSolution
		Debug|Any CPU = Debug|Any CPU
		Release|Any CPU = Release|Any CPU
	EndGlobalSection
	GlobalSection(ProjectConfigurationPlatforms) = postSolution
		{EF2E3FE7-0D8E-4C08-9161-3A7C8C93089D}.Debug|Any CPU.ActiveCfg = Debug|Any CPU
		{EF2E3FE7-0D8E-4C08-9161-3A7C8C93089D}.Debug|Any CPU.Build.0 = Debug|Any CPU
		{EF2E3FE7-0D8E-4C08-9161-3A7C8C93089D}.Release|Any CPU.ActiveCfg = Release|Any CPU
		{EF2E3FE7-0D8E-4C08-9161-3A7C8C93089D}.Release|Any CPU.Build.0 = Release|Any CPU
	EndGlobalSection
	GlobalSection(SolutionProperties) = preSolution
		HideSolutionNode = FALSE
	EndGlobalSection
	GlobalSection(ExtensibilityGlobals) = postSolution
		SolutionGuid = {C91E8CF5-64C8-4C23-B2D1-2FCD77FFDCB8}
	EndGlobalSection
EndGlobal
